# This is a Gradle generated file for dependency locking.
# Manual edits can break the build and are not advised.
# This file is expected to be part of source control.
# To regenerate this file, run: ./gradlew :dependencies --write-locks
args4j:args4j:2.37=compileClasspath,integrationTestCompileClasspath,integrationTestRuntimeClasspath,testCompileClasspath,testRuntimeClasspath
com.cloudbees:diff4j:1.3=compileClasspath,integrationTestCompileClasspath,integrationTestRuntimeClasspath,testCompileClasspath,testRuntimeClasspath
com.cloudbees:groovy-cps:4209.v83c4e257f1e9=compileClasspath,integrationTestCompileClasspath,integrationTestRuntimeClasspath,testCompileClasspath,testRuntimeClasspath
com.github.ben-manes.caffeine:caffeine:3.2.0=compileClasspath,integrationTestCompileClasspath,integrationTestRuntimeClasspath,testCompileClasspath,testRuntimeClasspath
com.github.javaparser:javaparser-core:3.25.6=codenarc
com.github.spotbugs:spotbugs-annotations:4.9.8=compileClasspath,integrationTestCompileClasspath,integrationTestRuntimeClasspath,testCompileClasspath,testRuntimeClasspath
com.google.errorprone:error_prone_annotations:2.47.0=compileClasspath,integrationTestCompileClasspath,integrationTestRuntimeClasspath,testCompileClasspath,testRuntimeClasspath
com.google.guava:failureaccess:1.0.3=compileClasspath,integrationTestCompileClasspath,integrationTestRuntimeClasspath,testCompileClasspath,testRuntimeClasspath
com.google.guava:guava:33.6.0-jre=compileClasspath,integrationTestCompileClasspath,integrationTestRuntimeClasspath,testCompileClasspath,testRuntimeClasspath
com.google.guava:listenablefuture:9999.0-empty-to-avoid-conflict-with-guava=compileClasspath,integrationTestCompileClasspath,integrationTestRuntimeClasspath,testCompileClasspath,testRuntimeClasspath
com.google.inject:guice:6.0.0=compileClasspath,integrationTestCompileClasspath,integrationTestRuntimeClasspath,testCompileClasspath,testRuntimeClasspath
com.google.j2objc:j2objc-annotations:3.1=compileClasspath,integrationTestCompileClasspath,integrationTestRuntimeClasspath,testCompileClasspath,testRuntimeClasspath
com.lesfurets:jenkins-pipeline-unit:1.29=integrationTestCompileClasspath,integrationTestRuntimeClasspath,testCompileClasspath,testRuntimeClasspath
com.sun.xml.txw2:txw2:20110809=compileClasspath,integrationTestCompileClasspath,integrationTestRuntimeClasspath,testCompileClasspath,testRuntimeClasspath
com.thoughtworks.qdox:qdox:1.12.1=codenarc
com.thoughtworks.xstream:xstream:1.4.21=compileClasspath,integrationTestCompileClasspath,integrationTestRuntimeClasspath,testCompileClasspath,testRuntimeClasspath
commons-beanutils:commons-beanutils:1.11.0=compileClasspath,integrationTestCompileClasspath,integrationTestRuntimeClasspath,testCompileClasspath,testRuntimeClasspath
commons-codec:commons-codec:1.22.0=compileClasspath,integrationTestCompileClasspath,integrationTestRuntimeClasspath,testCompileClasspath,testRuntimeClasspath
commons-collections:commons-collections:3.2.2=compileClasspath,integrationTestCompileClasspath,integrationTestRuntimeClasspath,testCompileClasspath,testRuntimeClasspath
commons-io:commons-io:2.22.0=compileClasspath,integrationTestCompileClasspath,integrationTestRuntimeClasspath,testCompileClasspath,testRuntimeClasspath
commons-lang:commons-lang:2.6=compileClasspath,integrationTestCompileClasspath,integrationTestRuntimeClasspath,testCompileClasspath,testRuntimeClasspath
commons-logging:commons-logging:1.3.5=compileClasspath,integrationTestCompileClasspath,integrationTestRuntimeClasspath,testCompileClasspath,testRuntimeClasspath
io.github.x-stream:mxparser:1.2.2=compileClasspath,integrationTestCompileClasspath,integrationTestRuntimeClasspath,testCompileClasspath,testRuntimeClasspath
io.jenkins.plugins:asm-api:9.8-163.vb_2a_96d3f9c3c=compileClasspath,integrationTestCompileClasspath,integrationTestRuntimeClasspath,testCompileClasspath,testRuntimeClasspath
io.jenkins.plugins:caffeine-api:3.2.0-166.v72a_6d74b_870f=compileClasspath,integrationTestCompileClasspath,integrationTestRuntimeClasspath,testCompileClasspath,testRuntimeClasspath
io.jenkins.plugins:commons-lang3-api:3.18.0-98.v3a_674c06072d=compileClasspath,integrationTestCompileClasspath,integrationTestRuntimeClasspath,testCompileClasspath,testRuntimeClasspath
io.jenkins.plugins:ionicons-api:94.vcc3065403257=compileClasspath,integrationTestCompileClasspath,integrationTestRuntimeClasspath,testCompileClasspath,testRuntimeClasspath
io.jenkins.plugins:pipeline-groovy-lib:798.v5cc688825312=compileClasspath,integrationTestCompileClasspath,integrationTestRuntimeClasspath,testCompileClasspath,testRuntimeClasspath
io.jenkins.tools:bridge-method-annotation:1.32=compileClasspath,integrationTestCompileClasspath,integrationTestRuntimeClasspath,testCompileClasspath,testRuntimeClasspath
jakarta.annotation:jakarta.annotation-api:3.0.0=compileClasspath,integrationTestCompileClasspath,integrationTestRuntimeClasspath,testCompileClasspath,testRuntimeClasspath
jakarta.inject:jakarta.inject-api:2.0.1=compileClasspath,integrationTestCompileClasspath,integrationTestRuntimeClasspath,testCompileClasspath,testRuntimeClasspath
jakarta.servlet.jsp.jstl:jakarta.servlet.jsp.jstl-api:2.0.0=compileClasspath,integrationTestCompileClasspath,integrationTestRuntimeClasspath,testCompileClasspath,testRuntimeClasspath
javax.annotation:javax.annotation-api:1.3.2=compileClasspath,integrationTestCompileClasspath,integrationTestRuntimeClasspath,testCompileClasspath,testRuntimeClasspath
javax.inject:javax.inject:1=compileClasspath,integrationTestCompileClasspath,integrationTestRuntimeClasspath,testCompileClasspath,testRuntimeClasspath
jaxen:jaxen:2.0.4=compileClasspath,integrationTestCompileClasspath,integrationTestRuntimeClasspath,testCompileClasspath,testRuntimeClasspath
jline:jline:2.14.6=compileClasspath,integrationTestCompileClasspath,integrationTestRuntimeClasspath,testCompileClasspath,testRuntimeClasspath
net.bytebuddy:byte-buddy:1.15.11=integrationTestCompileClasspath,integrationTestRuntimeClasspath,testCompileClasspath,testRuntimeClasspath
net.java.dev.jna:jna:5.18.1=compileClasspath,integrationTestCompileClasspath,integrationTestRuntimeClasspath,testCompileClasspath,testRuntimeClasspath
net.java.sezpoz:sezpoz:1.13=compileClasspath,integrationTestCompileClasspath,integrationTestRuntimeClasspath,testCompileClasspath,testRuntimeClasspath
net.jcip:jcip-annotations:1.0=compileClasspath,integrationTestCompileClasspath,integrationTestRuntimeClasspath,testCompileClasspath,testRuntimeClasspath
org.antlr:antlr4-runtime:4.13.2=compileClasspath,integrationTestCompileClasspath,integrationTestRuntimeClasspath,testCompileClasspath,testRuntimeClasspath
org.apache.ant:ant-antlr:1.10.14=codenarc
org.apache.ant:ant-junit:1.10.14=codenarc
org.apache.ant:ant-launcher:1.10.17=compileClasspath,integrationTestCompileClasspath,integrationTestRuntimeClasspath,testCompileClasspath,testRuntimeClasspath
org.apache.ant:ant:1.10.17=compileClasspath,integrationTestCompileClasspath,integrationTestRuntimeClasspath,testCompileClasspath,testRuntimeClasspath
org.apache.commons:commons-fileupload2-core:2.0.0-M5=compileClasspath,integrationTestCompileClasspath,integrationTestRuntimeClasspath,testCompileClasspath,testRuntimeClasspath
org.apache.commons:commons-fileupload2-jakarta-servlet5:2.0.0-M5=compileClasspath,integrationTestCompileClasspath,integrationTestRuntimeClasspath,testCompileClasspath,testRuntimeClasspath
org.apache.commons:commons-lang3:3.18.0=compileClasspath,integrationTestCompileClasspath,integrationTestRuntimeClasspath,testCompileClasspath,testRuntimeClasspath
org.apache.ivy:ivy:2.5.3=compileClasspath,integrationTestCompileClasspath,integrationTestRuntimeClasspath,testCompileClasspath,testRuntimeClasspath
org.apiguardian:apiguardian-api:1.1.2=integrationTestCompileClasspath,testCompileClasspath
org.assertj:assertj-core:3.27.4=integrationTestCompileClasspath,integrationTestRuntimeClasspath,testCompileClasspath,testRuntimeClasspath
org.codehaus.groovy:groovy-all:2.4.21=compileClasspath,integrationTestCompileClasspath,integrationTestRuntimeClasspath,libraryCompiler,runtimeClasspath,testCompileClasspath,testRuntimeClasspath
org.codehaus.groovy:groovy-ant:3.0.23=codenarc
org.codehaus.groovy:groovy-docgenerator:3.0.23=codenarc
org.codehaus.groovy:groovy-groovydoc:3.0.23=codenarc
org.codehaus.groovy:groovy-json:3.0.23=codenarc
org.codehaus.groovy:groovy-templates:3.0.23=codenarc
org.codehaus.groovy:groovy-xml:3.0.23=codenarc
org.codehaus.groovy:groovy:3.0.23=codenarc
org.codenarc:CodeNarc:3.6.0=codenarc
org.dom4j:dom4j:2.2.0=compileClasspath,integrationTestCompileClasspath,integrationTestRuntimeClasspath,testCompileClasspath,testRuntimeClasspath
org.eclipse.jetty.toolchain:jetty-servlet-api:4.0.9=compileClasspath,integrationTestCompileClasspath,integrationTestRuntimeClasspath,testCompileClasspath,testRuntimeClasspath
org.fusesource.jansi:jansi:1.11=compileClasspath,integrationTestCompileClasspath,integrationTestRuntimeClasspath,testCompileClasspath,testRuntimeClasspath
org.gmetrics:GMetrics:2.1.0=codenarc
org.jboss.marshalling:jboss-marshalling-river:2.2.2.Final=compileClasspath,integrationTestCompileClasspath,integrationTestRuntimeClasspath,testCompileClasspath,testRuntimeClasspath
org.jboss.marshalling:jboss-marshalling:2.2.2.Final=compileClasspath,integrationTestCompileClasspath,integrationTestRuntimeClasspath,testCompileClasspath,testRuntimeClasspath
org.jenkins-ci.main:cli:2.568.3=compileClasspath,integrationTestCompileClasspath,integrationTestRuntimeClasspath,testCompileClasspath,testRuntimeClasspath
org.jenkins-ci.main:jenkins-core:2.568.3=compileClasspath,integrationTestCompileClasspath,integrationTestRuntimeClasspath,testCompileClasspath,testRuntimeClasspath
org.jenkins-ci.main:remoting:3355.3357.v931d3c992987=compileClasspath,integrationTestCompileClasspath,integrationTestRuntimeClasspath,testCompileClasspath,testRuntimeClasspath
org.jenkins-ci.main:websocket-spi:2.568.3=compileClasspath,integrationTestCompileClasspath,integrationTestRuntimeClasspath,testCompileClasspath,testRuntimeClasspath
org.jenkins-ci.plugins.workflow:workflow-api:1384.vdc05a_48f535f=compileClasspath,integrationTestCompileClasspath,integrationTestRuntimeClasspath,testCompileClasspath,testRuntimeClasspath
org.jenkins-ci.plugins.workflow:workflow-cps:4209.v83c4e257f1e9=compileClasspath,integrationTestCompileClasspath,integrationTestRuntimeClasspath,testCompileClasspath,testRuntimeClasspath
org.jenkins-ci.plugins.workflow:workflow-scm-step:452.vdf1ca_c8d3a_87=compileClasspath,integrationTestCompileClasspath,integrationTestRuntimeClasspath,testCompileClasspath,testRuntimeClasspath
org.jenkins-ci.plugins.workflow:workflow-step-api:710.v3e456cc85233=compileClasspath,integrationTestCompileClasspath,integrationTestRuntimeClasspath,testCompileClasspath,testRuntimeClasspath
org.jenkins-ci.plugins.workflow:workflow-support:976.vb_d9493c2eb_09=compileClasspath,integrationTestCompileClasspath,integrationTestRuntimeClasspath,testCompileClasspath,testRuntimeClasspath
org.jenkins-ci.plugins:cloudbees-folder:6.1053.vd62fb_b_f7367b_=compileClasspath,integrationTestCompileClasspath,integrationTestRuntimeClasspath,testCompileClasspath,testRuntimeClasspath
org.jenkins-ci.plugins:scm-api:712.v8846fdd68c88=compileClasspath,integrationTestCompileClasspath,integrationTestRuntimeClasspath,testCompileClasspath,testRuntimeClasspath
org.jenkins-ci.plugins:script-security:1378.vf25626395f49=compileClasspath,integrationTestCompileClasspath,integrationTestRuntimeClasspath,testCompileClasspath,testRuntimeClasspath
org.jenkins-ci.plugins:structs:362.va_b_695ef4fdf9=compileClasspath,integrationTestCompileClasspath,integrationTestRuntimeClasspath,testCompileClasspath,testRuntimeClasspath
org.jenkins-ci.plugins:variant:70.va_d9f17f859e0=compileClasspath,integrationTestCompileClasspath,integrationTestRuntimeClasspath,testCompileClasspath,testRuntimeClasspath
org.jenkins-ci:annotation-indexer:1.213.v92788b_1f0a_21=compileClasspath,integrationTestCompileClasspath,integrationTestRuntimeClasspath,testCompileClasspath,testRuntimeClasspath
org.jenkins-ci:commons-jelly-tags-fmt:1.1-jenkins-20260418=compileClasspath,integrationTestCompileClasspath,integrationTestRuntimeClasspath,testCompileClasspath,testRuntimeClasspath
org.jenkins-ci:commons-jelly-tags-xml:1.1-jenkins-20260418=compileClasspath,integrationTestCompileClasspath,integrationTestRuntimeClasspath,testCompileClasspath,testRuntimeClasspath
org.jenkins-ci:commons-jelly:1.1-jenkins-20260418=compileClasspath,integrationTestCompileClasspath,integrationTestRuntimeClasspath,testCompileClasspath,testRuntimeClasspath
org.jenkins-ci:commons-jexl:1.1-jenkins-20111212=compileClasspath,integrationTestCompileClasspath,integrationTestRuntimeClasspath,testCompileClasspath,testRuntimeClasspath
org.jenkins-ci:crypto-util:1.11=compileClasspath,integrationTestCompileClasspath,integrationTestRuntimeClasspath,testCompileClasspath,testRuntimeClasspath
org.jenkins-ci:memory-monitor:1.13=compileClasspath,integrationTestCompileClasspath,integrationTestRuntimeClasspath,testCompileClasspath,testRuntimeClasspath
org.jenkins-ci:symbol-annotation:1.26=compileClasspath,integrationTestCompileClasspath,integrationTestRuntimeClasspath,testCompileClasspath,testRuntimeClasspath
org.jenkins-ci:task-reactor:1.10=compileClasspath,integrationTestCompileClasspath,integrationTestRuntimeClasspath,testCompileClasspath,testRuntimeClasspath
org.jenkins-ci:version-number:1.14=compileClasspath,integrationTestCompileClasspath,integrationTestRuntimeClasspath,testCompileClasspath,testRuntimeClasspath
org.jfree:jcommon:1.0.23=compileClasspath,integrationTestCompileClasspath,integrationTestRuntimeClasspath,testCompileClasspath,testRuntimeClasspath
org.jfree:jfreechart:1.0.19=compileClasspath,integrationTestCompileClasspath,integrationTestRuntimeClasspath,testCompileClasspath,testRuntimeClasspath
org.jspecify:jspecify:1.0.0=compileClasspath,integrationTestCompileClasspath,integrationTestRuntimeClasspath,testCompileClasspath,testRuntimeClasspath
org.junit.jupiter:junit-jupiter-api:6.0.1=integrationTestCompileClasspath,integrationTestRuntimeClasspath,testCompileClasspath,testRuntimeClasspath
org.junit.jupiter:junit-jupiter-engine:6.0.1=integrationTestRuntimeClasspath,testRuntimeClasspath
org.junit.jupiter:junit-jupiter-params:6.0.1=integrationTestCompileClasspath,integrationTestRuntimeClasspath,testCompileClasspath,testRuntimeClasspath
org.junit.jupiter:junit-jupiter:6.0.1=integrationTestCompileClasspath,integrationTestRuntimeClasspath,testCompileClasspath,testRuntimeClasspath
org.junit.platform:junit-platform-commons:6.0.1=integrationTestCompileClasspath,integrationTestRuntimeClasspath,testCompileClasspath,testRuntimeClasspath
org.junit.platform:junit-platform-engine:6.0.1=integrationTestRuntimeClasspath,testRuntimeClasspath
org.junit.platform:junit-platform-launcher:6.0.1=integrationTestRuntimeClasspath,testRuntimeClasspath
org.junit:junit-bom:6.0.1=integrationTestCompileClasspath,integrationTestRuntimeClasspath,testCompileClasspath,testRuntimeClasspath
org.jvnet.hudson:commons-jelly-tags-define:1.1-jenkins-20260418=compileClasspath,integrationTestCompileClasspath,integrationTestRuntimeClasspath,testCompileClasspath,testRuntimeClasspath
org.jvnet.localizer:localizer:1.31=compileClasspath,integrationTestCompileClasspath,integrationTestRuntimeClasspath,testCompileClasspath,testRuntimeClasspath
org.jvnet.winp:winp:1.31=compileClasspath,integrationTestCompileClasspath,integrationTestRuntimeClasspath,testCompileClasspath,testRuntimeClasspath
org.jvnet:tiger-types:2.2=compileClasspath,integrationTestCompileClasspath,integrationTestRuntimeClasspath,testCompileClasspath,testRuntimeClasspath
org.kohsuke.stapler:json-lib:2.4-jenkins-15=compileClasspath,integrationTestCompileClasspath,integrationTestRuntimeClasspath,testCompileClasspath,testRuntimeClasspath
org.kohsuke.stapler:stapler-adjunct-codemirror:1.3=compileClasspath,integrationTestCompileClasspath,integrationTestRuntimeClasspath,testCompileClasspath,testRuntimeClasspath
org.kohsuke.stapler:stapler-groovy:2088.2093.vd7c3e58008a_6=compileClasspath,integrationTestCompileClasspath,integrationTestRuntimeClasspath,testCompileClasspath,testRuntimeClasspath
org.kohsuke.stapler:stapler-jelly:2088.2093.vd7c3e58008a_6=compileClasspath,integrationTestCompileClasspath,integrationTestRuntimeClasspath,testCompileClasspath,testRuntimeClasspath
org.kohsuke.stapler:stapler:2088.2093.vd7c3e58008a_6=compileClasspath,integrationTestCompileClasspath,integrationTestRuntimeClasspath,testCompileClasspath,testRuntimeClasspath
org.kohsuke:access-modifier-annotation:1.35=compileClasspath,integrationTestCompileClasspath,integrationTestRuntimeClasspath,testCompileClasspath,testRuntimeClasspath
org.kohsuke:groovy-sandbox:1.34=compileClasspath,integrationTestCompileClasspath,integrationTestRuntimeClasspath,testCompileClasspath,testRuntimeClasspath
org.kohsuke:windows-package-checker:1.2=compileClasspath,integrationTestCompileClasspath,integrationTestRuntimeClasspath,testCompileClasspath,testRuntimeClasspath
org.opentest4j:opentest4j:1.3.0=integrationTestCompileClasspath,integrationTestRuntimeClasspath,testCompileClasspath,testRuntimeClasspath
org.ow2.asm:asm-analysis:9.8=compileClasspath,integrationTestCompileClasspath,integrationTestRuntimeClasspath,testCompileClasspath,testRuntimeClasspath
org.ow2.asm:asm-commons:9.8=compileClasspath,integrationTestCompileClasspath,integrationTestRuntimeClasspath,testCompileClasspath,testRuntimeClasspath
org.ow2.asm:asm-tree:9.8=compileClasspath,integrationTestCompileClasspath,integrationTestRuntimeClasspath,testCompileClasspath,testRuntimeClasspath
org.ow2.asm:asm-util:9.8=compileClasspath,integrationTestCompileClasspath,integrationTestRuntimeClasspath,testCompileClasspath,testRuntimeClasspath
org.ow2.asm:asm:9.8=compileClasspath,integrationTestCompileClasspath,integrationTestRuntimeClasspath,testCompileClasspath,testRuntimeClasspath
org.slf4j:jcl-over-slf4j:2.0.18=compileClasspath,integrationTestCompileClasspath,integrationTestRuntimeClasspath,testCompileClasspath,testRuntimeClasspath
org.slf4j:log4j-over-slf4j:2.0.18=compileClasspath,integrationTestCompileClasspath,integrationTestRuntimeClasspath,testCompileClasspath,testRuntimeClasspath
org.slf4j:slf4j-api:2.0.18=compileClasspath,integrationTestCompileClasspath,integrationTestRuntimeClasspath,testCompileClasspath,testRuntimeClasspath
org.springframework.security:spring-security-core:7.1.0=compileClasspath,integrationTestCompileClasspath,integrationTestRuntimeClasspath,testCompileClasspath,testRuntimeClasspath
org.springframework.security:spring-security-crypto:7.1.0=compileClasspath,integrationTestCompileClasspath,integrationTestRuntimeClasspath,testCompileClasspath,testRuntimeClasspath
org.springframework.security:spring-security-web:7.1.0=compileClasspath,integrationTestCompileClasspath,integrationTestRuntimeClasspath,testCompileClasspath,testRuntimeClasspath
org.springframework:spring-aop:7.0.8=compileClasspath,integrationTestCompileClasspath,integrationTestRuntimeClasspath,testCompileClasspath,testRuntimeClasspath
org.springframework:spring-beans:7.0.8=compileClasspath,integrationTestCompileClasspath,integrationTestRuntimeClasspath,testCompileClasspath,testRuntimeClasspath
org.springframework:spring-context:7.0.8=compileClasspath,integrationTestCompileClasspath,integrationTestRuntimeClasspath,testCompileClasspath,testRuntimeClasspath
org.springframework:spring-core:7.0.8=compileClasspath,integrationTestCompileClasspath,integrationTestRuntimeClasspath,testCompileClasspath,testRuntimeClasspath
org.springframework:spring-expression:7.0.8=compileClasspath,integrationTestCompileClasspath,integrationTestRuntimeClasspath,testCompileClasspath,testRuntimeClasspath
org.springframework:spring-web:7.0.8=compileClasspath,integrationTestCompileClasspath,integrationTestRuntimeClasspath,testCompileClasspath,testRuntimeClasspath
relaxngDatatype:relaxngDatatype:20020414=compileClasspath,integrationTestCompileClasspath,integrationTestRuntimeClasspath,testCompileClasspath,testRuntimeClasspath
xpp3:xpp3:1.1.4c=compileClasspath,integrationTestCompileClasspath,integrationTestRuntimeClasspath,testCompileClasspath,testRuntimeClasspath
empty=annotationProcessor,integrationTestAnnotationProcessor,testAnnotationProcessor
